
Microsoft Visual Studio Solution File, Format Version 9.00
# Visual C# Express 2005
Project("{FAE04EC0-301F-11D3-BF4B-00C04F79EFBC}") = "racing simulation 2d", "racing simulation 2d\racing simulation 2d.csproj", "{48939175-EBD9-48C8-B426-1E316F56B6DF}"
EndProject
Global
	GlobalSection(SolutionConfigurationPlatforms) = preSolution
		Debug|Any CPU = Debug|Any CPU
		Release|Any CPU = Release|Any CPU
	EndGlobalSection
	GlobalSection(ProjectConfigurationPlatforms) = postSolution
		{48939175-EBD9-48C8-B426-1E316F56B6DF}.Debug|Any CPU.ActiveCfg = Debug|Any CPU
		{48939175-EBD9-48C8-B426-1E316F56B6DF}.Debug|Any CPU.Build.0 = Debug|Any CPU
		{48939175-EBD9-48C8-B426-1E316F56B6DF}.Release|Any CPU.ActiveCfg = Release|Any CPU
		{48939175-EBD9-48C8-B426-1E316F56B6DF}.Release|Any CPU.Build.0 = Release|Any CPU
	EndGlobalSection
	GlobalSection(SolutionProperties) = preSolution
		HideSolutionNode = FALSE
	EndGlobalSection
EndGlobal
